// !$*UTF8*$!
{
	archiveVersion = 1;
	classes = {
	};
	objectVersion = 50;
	objects = {

/* Begin PBXBuildFile section */
		D922120722F1A19500DAC2F2 /* RegionWeatherHeaderView.swift in Sources */ = {isa = PBXBuildFile; fileRef = D922120622F1A19500DAC2F2 /* RegionWeatherHeaderView.swift */; };
		D922120922F1A1A700DAC2F2 /* RegionWeatherHeaderView.xib in Resources */ = {isa = PBXBuildFile; fileRef = D922120822F1A1A700DAC2F2 /* RegionWeatherHeaderView.xib */; };
		D922121622F1BD8F00DAC2F2 /* Reusable+Extension.swift in Sources */ = {isa = PBXBuildFile; fileRef = D922121522F1BD8F00DAC2F2 /* Reusable+Extension.swift */; };
		D922121822F1BE6B00DAC2F2 /* UITableView+Reusable.swift in Sources */ = {isa = PBXBuildFile; fileRef = D922121722F1BE6B00DAC2F2 /* UITableView+Reusable.swift */; };
		D922121A22F1C0F600DAC2F2 /* UINib.swift in Sources */ = {isa = PBXBuildFile; fileRef = D922121922F1C0F600DAC2F2 /* UINib.swift */; };
		D922121D22F1C5EF00DAC2F2 /* HoursWeatherCollectionViewCell.swift in Sources */ = {isa = PBXBuildFile; fileRef = D922121B22F1C5EF00DAC2F2 /* HoursWeatherCollectionViewCell.swift */; };
		D922121E22F1C5EF00DAC2F2 /* HoursWeatherCollectionViewCell.xib in Resources */ = {isa = PBXBuildFile; fileRef = D922121C22F1C5EF00DAC2F2 /* HoursWeatherCollectionViewCell.xib */; };
		D922122022F1C99F00DAC2F2 /* HoursWeatherCollectionView.swift in Sources */ = {isa = PBXBuildFile; fileRef = D922121F22F1C99F00DAC2F2 /* HoursWeatherCollectionView.swift */; };
		D922122222F1CB2400DAC2F2 /* UICollectionView+Reusable.swift in Sources */ = {isa = PBXBuildFile; fileRef = D922122122F1CB2400DAC2F2 /* UICollectionView+Reusable.swift */; };
		D922122622F1F0C800DAC2F2 /* RegionWeatherViewController.swift in Sources */ = {isa = PBXBuildFile; fileRef = D922122522F1F0C800DAC2F2 /* RegionWeatherViewController.swift */; };
		D922122822F2CF1B00DAC2F2 /* Main.storyboard in Resources */ = {isa = PBXBuildFile; fileRef = D922122722F2CF1B00DAC2F2 /* Main.storyboard */; };
		D922122A22F2CF3E00DAC2F2 /* MainViewController.swift in Sources */ = {isa = PBXBuildFile; fileRef = D922122922F2CF3E00DAC2F2 /* MainViewController.swift */; };
		D922122D22F2CFFE00DAC2F2 /* MainTableViewCell.swift in Sources */ = {isa = PBXBuildFile; fileRef = D922122B22F2CFFE00DAC2F2 /* MainTableViewCell.swift */; };
		D922122E22F2CFFE00DAC2F2 /* MainTableViewCell.xib in Resources */ = {isa = PBXBuildFile; fileRef = D922122C22F2CFFE00DAC2F2 /* MainTableViewCell.xib */; };
		D922123022F2D3B200DAC2F2 /* String.swift in Sources */ = {isa = PBXBuildFile; fileRef = D922122F22F2D3B200DAC2F2 /* String.swift */; };
		D922123222F2D56100DAC2F2 /* MainTableFooterView.swift in Sources */ = {isa = PBXBuildFile; fileRef = D922123122F2D56100DAC2F2 /* MainTableFooterView.swift */; };
		D922123422F2D56F00DAC2F2 /* MainTableFooterView.xib in Resources */ = {isa = PBXBuildFile; fileRef = D922123322F2D56F00DAC2F2 /* MainTableFooterView.xib */; };
		D922123622F2E60700DAC2F2 /* MainTableFooterViewDelegate.swift in Sources */ = {isa = PBXBuildFile; fileRef = D922123522F2E60700DAC2F2 /* MainTableFooterViewDelegate.swift */; };
		D922123822F2E6B600DAC2F2 /* AddRegion.storyboard in Resources */ = {isa = PBXBuildFile; fileRef = D922123722F2E6B600DAC2F2 /* AddRegion.storyboard */; };
		D922123A22F2E6C700DAC2F2 /* AddRegionViewController.swift in Sources */ = {isa = PBXBuildFile; fileRef = D922123922F2E6C700DAC2F2 /* AddRegionViewController.swift */; };
		D94599BD22F3173900F77B14 /* CustomLocationManager.swift in Sources */ = {isa = PBXBuildFile; fileRef = D94599BC22F3173900F77B14 /* CustomLocationManager.swift */; };
		D94599C222F31CC700F77B14 /* NetworkManager.swift in Sources */ = {isa = PBXBuildFile; fileRef = D94599C122F31CC700F77B14 /* NetworkManager.swift */; };
		D94599C422F3251500F77B14 /* DarkSkyForecastModel.swift in Sources */ = {isa = PBXBuildFile; fileRef = D94599C322F3251500F77B14 /* DarkSkyForecastModel.swift */; };
		D94599C622F3379900F77B14 /* Date+TimeZone.swift in Sources */ = {isa = PBXBuildFile; fileRef = D94599C522F3379900F77B14 /* Date+TimeZone.swift */; };
		D94599CF22F3489000F77B14 /* AddRegionTableViewCell.swift in Sources */ = {isa = PBXBuildFile; fileRef = D94599CD22F3489000F77B14 /* AddRegionTableViewCell.swift */; };
		D94599D022F3489000F77B14 /* AddRegionTableViewCell.xib in Resources */ = {isa = PBXBuildFile; fileRef = D94599CE22F3489000F77B14 /* AddRegionTableViewCell.xib */; };
		D94599D222F353B500F77B14 /* AddRegionDelegate.swift in Sources */ = {isa = PBXBuildFile; fileRef = D94599D122F353B500F77B14 /* AddRegionDelegate.swift */; };
		D94599D422F4247C00F77B14 /* NetworkError.swift in Sources */ = {isa = PBXBuildFile; fileRef = D94599D322F4247C00F77B14 /* NetworkError.swift */; };
		D94599D622F428AF00F77B14 /* DarkSkyAPI.swift in Sources */ = {isa = PBXBuildFile; fileRef = D94599D522F428AF00F77B14 /* DarkSkyAPI.swift */; };
		D94599D822F428EC00F77B14 /* APIBase.swift in Sources */ = {isa = PBXBuildFile; fileRef = D94599D722F428EC00F77B14 /* APIBase.swift */; };
		D94599DC22F4465900F77B14 /* TemparatureDegree.swift in Sources */ = {isa = PBXBuildFile; fileRef = D94599DB22F4465900F77B14 /* TemparatureDegree.swift */; };
		D94599E022F4489900F77B14 /* Double+TemparatureDegree.swift in Sources */ = {isa = PBXBuildFile; fileRef = D94599DF22F4489900F77B14 /* Double+TemparatureDegree.swift */; };
		D94599E422F44B3C00F77B14 /* WeatherContainerViewController.swift in Sources */ = {isa = PBXBuildFile; fileRef = D94599E322F44B3C00F77B14 /* WeatherContainerViewController.swift */; };
		D94599E622F4519D00F77B14 /* WeatherContainer.storyboard in Resources */ = {isa = PBXBuildFile; fileRef = D94599E522F4519D00F77B14 /* WeatherContainer.storyboard */; };
		D94599EC22F46AFE00F77B14 /* UserDefaultKey.swift in Sources */ = {isa = PBXBuildFile; fileRef = D94599EB22F46AFE00F77B14 /* UserDefaultKey.swift */; };
		D94599EE22F46BF700F77B14 /* RegionInformation.swift in Sources */ = {isa = PBXBuildFile; fileRef = D94599ED22F46BF700F77B14 /* RegionInformation.swift */; };
		D94599F422F5501700F77B14 /* WeatherStatus.swift in Sources */ = {isa = PBXBuildFile; fileRef = D94599F322F5501700F77B14 /* WeatherStatus.swift */; };
		D94599F622F558D200F77B14 /* WeatherIcon.xcassets in Resources */ = {isa = PBXBuildFile; fileRef = D94599F522F558D200F77B14 /* WeatherIcon.xcassets */; };
		D94599F922F56CBF00F77B14 /* RegionWeatherDailyTableViewCell.swift in Sources */ = {isa = PBXBuildFile; fileRef = D94599F722F56CBF00F77B14 /* RegionWeatherDailyTableViewCell.swift */; };
		D94599FA22F56CBF00F77B14 /* RegionWeatherDailyTableViewCell.xib in Resources */ = {isa = PBXBuildFile; fileRef = D94599F822F56CBF00F77B14 /* RegionWeatherDailyTableViewCell.xib */; };
		D94599FD22F56CDA00F77B14 /* RegionWeatherSummaryTableViewCell.swift in Sources */ = {isa = PBXBuildFile; fileRef = D94599FB22F56CDA00F77B14 /* RegionWeatherSummaryTableViewCell.swift */; };
		D94599FE22F56CDA00F77B14 /* RegionWeatherSummaryTableViewCell.xib in Resources */ = {isa = PBXBuildFile; fileRef = D94599FC22F56CDA00F77B14 /* RegionWeatherSummaryTableViewCell.xib */; };
		D9459A0122F56CEC00F77B14 /* RegionWeatherTodayInfoTableViewCell.swift in Sources */ = {isa = PBXBuildFile; fileRef = D94599FF22F56CEC00F77B14 /* RegionWeatherTodayInfoTableViewCell.swift */; };
		D9459A0222F56CEC00F77B14 /* RegionWeatherTodayInfoTableViewCell.xib in Resources */ = {isa = PBXBuildFile; fileRef = D9459A0022F56CEC00F77B14 /* RegionWeatherTodayInfoTableViewCell.xib */; };
		D9459A0422F71A5700F77B14 /* WeatherBackground.xcassets in Resources */ = {isa = PBXBuildFile; fileRef = D9459A0322F71A5700F77B14 /* WeatherBackground.xcassets */; };
		D9AF425222F18F93008696F0 /* AppDelegate.swift in Sources */ = {isa = PBXBuildFile; fileRef = D9AF425122F18F93008696F0 /* AppDelegate.swift */; };
		D9AF425722F18F93008696F0 /* RegionWeather.storyboard in Resources */ = {isa = PBXBuildFile; fileRef = D9AF425522F18F93008696F0 /* RegionWeather.storyboard */; };
		D9AF425922F18F94008696F0 /* Assets.xcassets in Resources */ = {isa = PBXBuildFile; fileRef = D9AF425822F18F94008696F0 /* Assets.xcassets */; };
		D9AF425C22F18F94008696F0 /* LaunchScreen.storyboard in Resources */ = {isa = PBXBuildFile; fileRef = D9AF425A22F18F94008696F0 /* LaunchScreen.storyboard */; };
		D9AF426722F18F94008696F0 /* MyWeatherTests.swift in Sources */ = {isa = PBXBuildFile; fileRef = D9AF426622F18F94008696F0 /* MyWeatherTests.swift */; };
/* End PBXBuildFile section */

/* Begin PBXContainerItemProxy section */
		D9AF426322F18F94008696F0 /* PBXContainerItemProxy */ = {
			isa = PBXContainerItemProxy;
			containerPortal = D9AF424622F18F93008696F0 /* Project object */;
			proxyType = 1;
			remoteGlobalIDString = D9AF424D22F18F93008696F0;
			remoteInfo = MyWeather;
		};
/* End PBXContainerItemProxy section */

/* Begin PBXFileReference section */
		D922120622F1A19500DAC2F2 /* RegionWeatherHeaderView.swift */ = {isa = PBXFileReference; lastKnownFileType = sourcecode.swift; path = RegionWeatherHeaderView.swift; sourceTree = "<group>"; };
		D922120822F1A1A700DAC2F2 /* RegionWeatherHeaderView.xib */ = {isa = PBXFileReference; lastKnownFileType = file.xib; path = RegionWeatherHeaderView.xib; sourceTree = "<group>"; };
		D922121522F1BD8F00DAC2F2 /* Reusable+Extension.swift */ = {isa = PBXFileReference; lastKnownFileType = sourcecode.swift; path = "Reusable+Extension.swift"; sourceTree = "<group>"; };
		D922121722F1BE6B00DAC2F2 /* UITableView+Reusable.swift */ = {isa = PBXFileReference; lastKnownFileType = sourcecode.swift; path = "UITableView+Reusable.swift"; sourceTree = "<group>"; };
		D922121922F1C0F600DAC2F2 /* UINib.swift */ = {isa = PBXFileReference; lastKnownFileType = sourcecode.swift; path = UINib.swift; sourceTree = "<group>"; };
		D922121B22F1C5EF00DAC2F2 /* HoursWeatherCollectionViewCell.swift */ = {isa = PBXFileReference; lastKnownFileType = sourcecode.swift; path = HoursWeatherCollectionViewCell.swift; sourceTree = "<group>"; };
		D922121C22F1C5EF00DAC2F2 /* HoursWeatherCollectionViewCell.xib */ = {isa = PBXFileReference; lastKnownFileType = file.xib; path = HoursWeatherCollectionViewCell.xib; sourceTree = "<group>"; };
		D922121F22F1C99F00DAC2F2 /* HoursWeatherCollectionView.swift */ = {isa = PBXFileReference; lastKnownFileType = sourcecode.swift; path = HoursWeatherCollectionView.swift; sourceTree = "<group>"; };
		D922122122F1CB2400DAC2F2 /* UICollectionView+Reusable.swift */ = {isa = PBXFileReference; lastKnownFileType = sourcecode.swift; path = "UICollectionView+Reusable.swift"; sourceTree = "<group>"; };
		D922122522F1F0C800DAC2F2 /* RegionWeatherViewController.swift */ = {isa = PBXFileReference; lastKnownFileType = sourcecode.swift; path = RegionWeatherViewController.swift; sourceTree = "<group>"; };
		D922122722F2CF1B00DAC2F2 /* Main.storyboard */ = {isa = PBXFileReference; lastKnownFileType = file.storyboard; path = Main.storyboard; sourceTree = "<group>"; };
		D922122922F2CF3E00DAC2F2 /* MainViewController.swift */ = {isa = PBXFileReference; lastKnownFileType = sourcecode.swift; path = MainViewController.swift; sourceTree = "<group>"; };
		D922122B22F2CFFE00DAC2F2 /* MainTableViewCell.swift */ = {isa = PBXFileReference; lastKnownFileType = sourcecode.swift; path = MainTableViewCell.swift; sourceTree = "<group>"; };
		D922122C22F2CFFE00DAC2F2 /* MainTableViewCell.xib */ = {isa = PBXFileReference; lastKnownFileType = file.xib; path = MainTableViewCell.xib; sourceTree = "<group>"; };
		D922122F22F2D3B200DAC2F2 /* String.swift */ = {isa = PBXFileReference; lastKnownFileType = sourcecode.swift; path = String.swift; sourceTree = "<group>"; };
		D922123122F2D56100DAC2F2 /* MainTableFooterView.swift */ = {isa = PBXFileReference; lastKnownFileType = sourcecode.swift; path = MainTableFooterView.swift; sourceTree = "<group>"; };
		D922123322F2D56F00DAC2F2 /* MainTableFooterView.xib */ = {isa = PBXFileReference; lastKnownFileType = file.xib; path = MainTableFooterView.xib; sourceTree = "<group>"; };
		D922123522F2E60700DAC2F2 /* MainTableFooterViewDelegate.swift */ = {isa = PBXFileReference; lastKnownFileType = sourcecode.swift; path = MainTableFooterViewDelegate.swift; sourceTree = "<group>"; };
		D922123722F2E6B600DAC2F2 /* AddRegion.storyboard */ = {isa = PBXFileReference; lastKnownFileType = file.storyboard; path = AddRegion.storyboard; sourceTree = "<group>"; };
		D922123922F2E6C700DAC2F2 /* AddRegionViewController.swift */ = {isa = PBXFileReference; lastKnownFileType = sourcecode.swift; path = AddRegionViewController.swift; sourceTree = "<group>"; };
		D94599BC22F3173900F77B14 /* CustomLocationManager.swift */ = {isa = PBXFileReference; lastKnownFileType = sourcecode.swift; path = CustomLocationManager.swift; sourceTree = "<group>"; };
		D94599C122F31CC700F77B14 /* NetworkManager.swift */ = {isa = PBXFileReference; lastKnownFileType = sourcecode.swift; path = NetworkManager.swift; sourceTree = "<group>"; };
		D94599C322F3251500F77B14 /* DarkSkyForecastModel.swift */ = {isa = PBXFileReference; lastKnownFileType = sourcecode.swift; path = DarkSkyForecastModel.swift; sourceTree = "<group>"; };
		D94599C522F3379900F77B14 /* Date+TimeZone.swift */ = {isa = PBXFileReference; lastKnownFileType = sourcecode.swift; path = "Date+TimeZone.swift"; sourceTree = "<group>"; };
		D94599CD22F3489000F77B14 /* AddRegionTableViewCell.swift */ = {isa = PBXFileReference; lastKnownFileType = sourcecode.swift; path = AddRegionTableViewCell.swift; sourceTree = "<group>"; };
		D94599CE22F3489000F77B14 /* AddRegionTableViewCell.xib */ = {isa = PBXFileReference; lastKnownFileType = file.xib; path = AddRegionTableViewCell.xib; sourceTree = "<group>"; };
		D94599D122F353B500F77B14 /* AddRegionDelegate.swift */ = {isa = PBXFileReference; lastKnownFileType = sourcecode.swift; path = AddRegionDelegate.swift; sourceTree = "<group>"; };
		D94599D322F4247C00F77B14 /* NetworkError.swift */ = {isa = PBXFileReference; lastKnownFileType = sourcecode.swift; path = NetworkError.swift; sourceTree = "<group>"; };
		D94599D522F428AF00F77B14 /* DarkSkyAPI.swift */ = {isa = PBXFileReference; lastKnownFileType = sourcecode.swift; path = DarkSkyAPI.swift; sourceTree = "<group>"; };
		D94599D722F428EC00F77B14 /* APIBase.swift */ = {isa = PBXFileReference; lastKnownFileType = sourcecode.swift; path = APIBase.swift; sourceTree = "<group>"; };
		D94599DB22F4465900F77B14 /* TemparatureDegree.swift */ = {isa = PBXFileReference; lastKnownFileType = sourcecode.swift; path = TemparatureDegree.swift; sourceTree = "<group>"; };
		D94599DF22F4489900F77B14 /* Double+TemparatureDegree.swift */ = {isa = PBXFileReference; lastKnownFileType = sourcecode.swift; path = "Double+TemparatureDegree.swift"; sourceTree = "<group>"; };
		D94599E322F44B3C00F77B14 /* WeatherContainerViewController.swift */ = {isa = PBXFileReference; lastKnownFileType = sourcecode.swift; path = WeatherContainerViewController.swift; sourceTree = "<group>"; };
		D94599E522F4519D00F77B14 /* WeatherContainer.storyboard */ = {isa = PBXFileReference; lastKnownFileType = file.storyboard; path = WeatherContainer.storyboard; sourceTree = "<group>"; };
		D94599EB22F46AFE00F77B14 /* UserDefaultKey.swift */ = {isa = PBXFileReference; lastKnownFileType = sourcecode.swift; path = UserDefaultKey.swift; sourceTree = "<group>"; };
		D94599ED22F46BF700F77B14 /* RegionInformation.swift */ = {isa = PBXFileReference; lastKnownFileType = sourcecode.swift; path = RegionInformation.swift; sourceTree = "<group>"; };
		D94599F322F5501700F77B14 /* WeatherStatus.swift */ = {isa = PBXFileReference; lastKnownFileType = sourcecode.swift; path = WeatherStatus.swift; sourceTree = "<group>"; };
		D94599F522F558D200F77B14 /* WeatherIcon.xcassets */ = {isa = PBXFileReference; lastKnownFileType = folder.assetcatalog; path = WeatherIcon.xcassets; sourceTree = "<group>"; };
		D94599F722F56CBF00F77B14 /* RegionWeatherDailyTableViewCell.swift */ = {isa = PBXFileReference; lastKnownFileType = sourcecode.swift; path = RegionWeatherDailyTableViewCell.swift; sourceTree = "<group>"; };
		D94599F822F56CBF00F77B14 /* RegionWeatherDailyTableViewCell.xib */ = {isa = PBXFileReference; lastKnownFileType = file.xib; path = RegionWeatherDailyTableViewCell.xib; sourceTree = "<group>"; };
		D94599FB22F56CDA00F77B14 /* RegionWeatherSummaryTableViewCell.swift */ = {isa = PBXFileReference; lastKnownFileType = sourcecode.swift; path = RegionWeatherSummaryTableViewCell.swift; sourceTree = "<group>"; };
		D94599FC22F56CDA00F77B14 /* RegionWeatherSummaryTableViewCell.xib */ = {isa = PBXFileReference; lastKnownFileType = file.xib; path = RegionWeatherSummaryTableViewCell.xib; sourceTree = "<group>"; };
		D94599FF22F56CEC00F77B14 /* RegionWeatherTodayInfoTableViewCell.swift */ = {isa = PBXFileReference; lastKnownFileType = sourcecode.swift; path = RegionWeatherTodayInfoTableViewCell.swift; sourceTree = "<group>"; };
		D9459A0022F56CEC00F77B14 /* RegionWeatherTodayInfoTableViewCell.xib */ = {isa = PBXFileReference; lastKnownFileType = file.xib; path = RegionWeatherTodayInfoTableViewCell.xib; sourceTree = "<group>"; };
		D9459A0322F71A5700F77B14 /* WeatherBackground.xcassets */ = {isa = PBXFileReference; lastKnownFileType = folder.assetcatalog; path = WeatherBackground.xcassets; sourceTree = "<group>"; };
		D9AF424E22F18F93008696F0 /* MyWeather.app */ = {isa = PBXFileReference; explicitFileType = wrapper.application; includeInIndex = 0; path = MyWeather.app; sourceTree = BUILT_PRODUCTS_DIR; };
		D9AF425122F18F93008696F0 /* AppDelegate.swift */ = {isa = PBXFileReference; lastKnownFileType = sourcecode.swift; path = AppDelegate.swift; sourceTree = "<group>"; };
		D9AF425622F18F93008696F0 /* Base */ = {isa = PBXFileReference; lastKnownFileType = file.storyboard; name = Base; path = Base.lproj/RegionWeather.storyboard; sourceTree = "<group>"; };
		D9AF425822F18F94008696F0 /* Assets.xcassets */ = {isa = PBXFileReference; lastKnownFileType = folder.assetcatalog; path = Assets.xcassets; sourceTree = "<group>"; };
		D9AF425B22F18F94008696F0 /* Base */ = {isa = PBXFileReference; lastKnownFileType = file.storyboard; name = Base; path = Base.lproj/LaunchScreen.storyboard; sourceTree = "<group>"; };
		D9AF425D22F18F94008696F0 /* Info.plist */ = {isa = PBXFileReference; lastKnownFileType = text.plist.xml; path = Info.plist; sourceTree = "<group>"; };
		D9AF426222F18F94008696F0 /* MyWeatherTests.xctest */ = {isa = PBXFileReference; explicitFileType = wrapper.cfbundle; includeInIndex = 0; path = MyWeatherTests.xctest; sourceTree = BUILT_PRODUCTS_DIR; };
		D9AF426622F18F94008696F0 /* MyWeatherTests.swift */ = {isa = PBXFileReference; lastKnownFileType = sourcecode.swift; path = MyWeatherTests.swift; sourceTree = "<group>"; };
		D9AF426822F18F94008696F0 /* Info.plist */ = {isa = PBXFileReference; lastKnownFileType = text.plist.xml; path = Info.plist; sourceTree = "<group>"; };
/* End PBXFileReference section */

/* Begin PBXFrameworksBuildPhase section */
		D9AF424B22F18F93008696F0 /* Frameworks */ = {
			isa = PBXFrameworksBuildPhase;
			buildActionMask = 2147483647;
			files = (
			);
			runOnlyForDeploymentPostprocessing = 0;
		};
		D9AF425F22F18F94008696F0 /* Frameworks */ = {
			isa = PBXFrameworksBuildPhase;
			buildActionMask = 2147483647;
			files = (
			);
			runOnlyForDeploymentPostprocessing = 0;
		};
/* End PBXFrameworksBuildPhase section */

/* Begin PBXGroup section */
		D922121222F1BD7000DAC2F2 /* Protocol */ = {
			isa = PBXGroup;
			children = (
				D922121522F1BD8F00DAC2F2 /* Reusable+Extension.swift */,
				D922123522F2E60700DAC2F2 /* MainTableFooterViewDelegate.swift */,
				D94599D122F353B500F77B14 /* AddRegionDelegate.swift */,
				D94599D722F428EC00F77B14 /* APIBase.swift */,
			);
			path = Protocol;
			sourceTree = "<group>";
		};
		D922121322F1BD7A00DAC2F2 /* Enum */ = {
			isa = PBXGroup;
			children = (
				D94599D522F428AF00F77B14 /* DarkSkyAPI.swift */,
				D94599DB22F4465900F77B14 /* TemparatureDegree.swift */,
				D94599EB22F46AFE00F77B14 /* UserDefaultKey.swift */,
				D94599F322F5501700F77B14 /* WeatherStatus.swift */,
				D94599E122F44A9F00F77B14 /* Error */,
			);
			path = Enum;
			sourceTree = "<group>";
		};
		D922121422F1BD7E00DAC2F2 /* Extension */ = {
			isa = PBXGroup;
			children = (
				D922121922F1C0F600DAC2F2 /* UINib.swift */,
				D922122F22F2D3B200DAC2F2 /* String.swift */,
				D922121722F1BE6B00DAC2F2 /* UITableView+Reusable.swift */,
				D922122122F1CB2400DAC2F2 /* UICollectionView+Reusable.swift */,
				D94599C522F3379900F77B14 /* Date+TimeZone.swift */,
				D94599DF22F4489900F77B14 /* Double+TemparatureDegree.swift */,
			);
			path = Extension;
			sourceTree = "<group>";
		};
		D922123B22F2E6DB00DAC2F2 /* AddRegion */ = {
			isa = PBXGroup;
			children = (
				D922123922F2E6C700DAC2F2 /* AddRegionViewController.swift */,
				D922123722F2E6B600DAC2F2 /* AddRegion.storyboard */,
				D94599CD22F3489000F77B14 /* AddRegionTableViewCell.swift */,
				D94599CE22F3489000F77B14 /* AddRegionTableViewCell.xib */,
			);
			path = AddRegion;
			sourceTree = "<group>";
		};
		D94599BE22F31CAD00F77B14 /* Network */ = {
			isa = PBXGroup;
			children = (
				D94599C122F31CC700F77B14 /* NetworkManager.swift */,
				D94599C322F3251500F77B14 /* DarkSkyForecastModel.swift */,
			);
			path = Network;
			sourceTree = "<group>";
		};
		D94599E122F44A9F00F77B14 /* Error */ = {
			isa = PBXGroup;
			children = (
				D94599D322F4247C00F77B14 /* NetworkError.swift */,
			);
			path = Error;
			sourceTree = "<group>";
		};
		D94599E222F44B0B00F77B14 /* Detail */ = {
			isa = PBXGroup;
			children = (
				D922122522F1F0C800DAC2F2 /* RegionWeatherViewController.swift */,
				D9AF425522F18F93008696F0 /* RegionWeather.storyboard */,
				D922120622F1A19500DAC2F2 /* RegionWeatherHeaderView.swift */,
				D922120822F1A1A700DAC2F2 /* RegionWeatherHeaderView.xib */,
				D922121F22F1C99F00DAC2F2 /* HoursWeatherCollectionView.swift */,
				D922121B22F1C5EF00DAC2F2 /* HoursWeatherCollectionViewCell.swift */,
				D922121C22F1C5EF00DAC2F2 /* HoursWeatherCollectionViewCell.xib */,
				D94599F722F56CBF00F77B14 /* RegionWeatherDailyTableViewCell.swift */,
				D94599F822F56CBF00F77B14 /* RegionWeatherDailyTableViewCell.xib */,
				D94599FB22F56CDA00F77B14 /* RegionWeatherSummaryTableViewCell.swift */,
				D94599FC22F56CDA00F77B14 /* RegionWeatherSummaryTableViewCell.xib */,
				D94599FF22F56CEC00F77B14 /* RegionWeatherTodayInfoTableViewCell.swift */,
				D9459A0022F56CEC00F77B14 /* RegionWeatherTodayInfoTableViewCell.xib */,
			);
			path = Detail;
			sourceTree = "<group>";
		};
		D9AF424522F18F93008696F0 = {
			isa = PBXGroup;
			children = (
				D9AF425022F18F93008696F0 /* MyWeather */,
				D9AF426522F18F94008696F0 /* MyWeatherTests */,
				D9AF424F22F18F93008696F0 /* Products */,
			);
			sourceTree = "<group>";
		};
		D9AF424F22F18F93008696F0 /* Products */ = {
			isa = PBXGroup;
			children = (
				D9AF424E22F18F93008696F0 /* MyWeather.app */,
				D9AF426222F18F94008696F0 /* MyWeatherTests.xctest */,
			);
			name = Products;
			sourceTree = "<group>";
		};
		D9AF425022F18F93008696F0 /* MyWeather */ = {
			isa = PBXGroup;
			children = (
				D94599BE22F31CAD00F77B14 /* Network */,
				D9AF427222F19696008696F0 /* Main */,
				D9AF427322F19698008696F0 /* Weather */,
				D9AF427122F19685008696F0 /* SupportingFiles */,
				D9AF425122F18F93008696F0 /* AppDelegate.swift */,
				D9AF425A22F18F94008696F0 /* LaunchScreen.storyboard */,
				D9AF425D22F18F94008696F0 /* Info.plist */,
			);
			path = MyWeather;
			sourceTree = "<group>";
		};
		D9AF426522F18F94008696F0 /* MyWeatherTests */ = {
			isa = PBXGroup;
			children = (
				D9AF426622F18F94008696F0 /* MyWeatherTests.swift */,
				D9AF426822F18F94008696F0 /* Info.plist */,
			);
			path = MyWeatherTests;
			sourceTree = "<group>";
		};
		D9AF427122F19685008696F0 /* SupportingFiles */ = {
			isa = PBXGroup;
			children = (
				D922121422F1BD7E00DAC2F2 /* Extension */,
				D922121322F1BD7A00DAC2F2 /* Enum */,
				D922121222F1BD7000DAC2F2 /* Protocol */,
				D9AF425822F18F94008696F0 /* Assets.xcassets */,
				D94599F522F558D200F77B14 /* WeatherIcon.xcassets */,
				D9459A0322F71A5700F77B14 /* WeatherBackground.xcassets */,
			);
			path = SupportingFiles;
			sourceTree = "<group>";
		};
		D9AF427222F19696008696F0 /* Main */ = {
			isa = PBXGroup;
			children = (
				D922122922F2CF3E00DAC2F2 /* MainViewController.swift */,
				D922122722F2CF1B00DAC2F2 /* Main.storyboard */,
				D922122B22F2CFFE00DAC2F2 /* MainTableViewCell.swift */,
				D922122C22F2CFFE00DAC2F2 /* MainTableViewCell.xib */,
				D922123122F2D56100DAC2F2 /* MainTableFooterView.swift */,
				D922123322F2D56F00DAC2F2 /* MainTableFooterView.xib */,
				D922123B22F2E6DB00DAC2F2 /* AddRegion */,
				D94599BC22F3173900F77B14 /* CustomLocationManager.swift */,
				D94599ED22F46BF700F77B14 /* RegionInformation.swift */,
			);
			path = Main;
			sourceTree = "<group>";
		};
		D9AF427322F19698008696F0 /* Weather */ = {
			isa = PBXGroup;
			children = (
				D94599E322F44B3C00F77B14 /* WeatherContainerViewController.swift */,
				D94599E522F4519D00F77B14 /* WeatherContainer.storyboard */,
				D94599E222F44B0B00F77B14 /* Detail */,
			);
			path = Weather;
			sourceTree = "<group>";
		};
/* End PBXGroup section */

/* Begin PBXNativeTarget section */
		D9AF424D22F18F93008696F0 /* MyWeather */ = {
			isa = PBXNativeTarget;
			buildConfigurationList = D9AF426B22F18F94008696F0 /* Build configuration list for PBXNativeTarget "MyWeather" */;
			buildPhases = (
				D9AF424A22F18F93008696F0 /* Sources */,
				D9AF424B22F18F93008696F0 /* Frameworks */,
				D9AF424C22F18F93008696F0 /* Resources */,
			);
			buildRules = (
			);
			dependencies = (
			);
			name = MyWeather;
			productName = MyWeather;
			productReference = D9AF424E22F18F93008696F0 /* MyWeather.app */;
			productType = "com.apple.product-type.application";
		};
		D9AF426122F18F94008696F0 /* MyWeatherTests */ = {
			isa = PBXNativeTarget;
			buildConfigurationList = D9AF426E22F18F94008696F0 /* Build configuration list for PBXNativeTarget "MyWeatherTests" */;
			buildPhases = (
				D9AF425E22F18F94008696F0 /* Sources */,
				D9AF425F22F18F94008696F0 /* Frameworks */,
				D9AF426022F18F94008696F0 /* Resources */,
			);
			buildRules = (
			);
			dependencies = (
				D9AF426422F18F94008696F0 /* PBXTargetDependency */,
			);
			name = MyWeatherTests;
			productName = MyWeatherTests;
			productReference = D9AF426222F18F94008696F0 /* MyWeatherTests.xctest */;
			productType = "com.apple.product-type.bundle.unit-test";
		};
/* End PBXNativeTarget section */

/* Begin PBXProject section */
		D9AF424622F18F93008696F0 /* Project object */ = {
			isa = PBXProject;
			attributes = {
				LastSwiftUpdateCheck = 1020;
				LastUpgradeCheck = 1020;
				ORGANIZATIONNAME = onemoonStudio;
				TargetAttributes = {
					D9AF424D22F18F93008696F0 = {
						CreatedOnToolsVersion = 10.2.1;
					};
					D9AF426122F18F94008696F0 = {
						CreatedOnToolsVersion = 10.2.1;
						TestTargetID = D9AF424D22F18F93008696F0;
					};
				};
			};
			buildConfigurationList = D9AF424922F18F93008696F0 /* Build configuration list for PBXProject "MyWeather" */;
			compatibilityVersion = "Xcode 9.3";
			developmentRegion = en;
			hasScannedForEncodings = 0;
			knownRegions = (
				en,
				Base,
			);
			mainGroup = D9AF424522F18F93008696F0;
			productRefGroup = D9AF424F22F18F93008696F0 /* Products */;
			projectDirPath = "";
			projectRoot = "";
			targets = (
				D9AF424D22F18F93008696F0 /* MyWeather */,
				D9AF426122F18F94008696F0 /* MyWeatherTests */,
			);
		};
/* End PBXProject section */

/* Begin PBXResourcesBuildPhase section */
		D9AF424C22F18F93008696F0 /* Resources */ = {
			isa = PBXResourcesBuildPhase;
			buildActionMask = 2147483647;
			files = (
				D922122822F2CF1B00DAC2F2 /* Main.storyboard in Resources */,
				D94599E622F4519D00F77B14 /* WeatherContainer.storyboard in Resources */,
				D922120922F1A1A700DAC2F2 /* RegionWeatherHeaderView.xib in Resources */,
				D9AF425C22F18F94008696F0 /* LaunchScreen.storyboard in Resources */,
				D94599D022F3489000F77B14 /* AddRegionTableViewCell.xib in Resources */,
				D922121E22F1C5EF00DAC2F2 /* HoursWeatherCollectionViewCell.xib in Resources */,
				D9AF425922F18F94008696F0 /* Assets.xcassets in Resources */,
				D922123422F2D56F00DAC2F2 /* MainTableFooterView.xib in Resources */,
				D922122E22F2CFFE00DAC2F2 /* MainTableViewCell.xib in Resources */,
				D9459A0422F71A5700F77B14 /* WeatherBackground.xcassets in Resources */,
				D94599FA22F56CBF00F77B14 /* RegionWeatherDailyTableViewCell.xib in Resources */,
				D94599FE22F56CDA00F77B14 /* RegionWeatherSummaryTableViewCell.xib in Resources */,
				D9459A0222F56CEC00F77B14 /* RegionWeatherTodayInfoTableViewCell.xib in Resources */,
				D94599F622F558D200F77B14 /* WeatherIcon.xcassets in Resources */,
				D922123822F2E6B600DAC2F2 /* AddRegion.storyboard in Resources */,
				D9AF425722F18F93008696F0 /* RegionWeather.storyboard in Resources */,
			);
			runOnlyForDeploymentPostprocessing = 0;
		};
		D9AF426022F18F94008696F0 /* Resources */ = {
			isa = PBXResourcesBuildPhase;
			buildActionMask = 2147483647;
			files = (
			);
			runOnlyForDeploymentPostprocessing = 0;
		};
/* End PBXResourcesBuildPhase section */

/* Begin PBXSourcesBuildPhase section */
		D9AF424A22F18F93008696F0 /* Sources */ = {
			isa = PBXSourcesBuildPhase;
			buildActionMask = 2147483647;
			files = (
				D94599F422F5501700F77B14 /* WeatherStatus.swift in Sources */,
				D94599C222F31CC700F77B14 /* NetworkManager.swift in Sources */,
				D922123222F2D56100DAC2F2 /* MainTableFooterView.swift in Sources */,
				D94599FD22F56CDA00F77B14 /* RegionWeatherSummaryTableViewCell.swift in Sources */,
				D94599C422F3251500F77B14 /* DarkSkyForecastModel.swift in Sources */,
				D922122D22F2CFFE00DAC2F2 /* MainTableViewCell.swift in Sources */,
				D922122222F1CB2400DAC2F2 /* UICollectionView+Reusable.swift in Sources */,
				D922122622F1F0C800DAC2F2 /* RegionWeatherViewController.swift in Sources */,
				D94599D222F353B500F77B14 /* AddRegionDelegate.swift in Sources */,
				D922122022F1C99F00DAC2F2 /* HoursWeatherCollectionView.swift in Sources */,
				D922123022F2D3B200DAC2F2 /* String.swift in Sources */,
				D94599F922F56CBF00F77B14 /* RegionWeatherDailyTableViewCell.swift in Sources */,
				D9459A0122F56CEC00F77B14 /* RegionWeatherTodayInfoTableViewCell.swift in Sources */,
				D94599D422F4247C00F77B14 /* NetworkError.swift in Sources */,
				D922122A22F2CF3E00DAC2F2 /* MainViewController.swift in Sources */,
				D94599D822F428EC00F77B14 /* APIBase.swift in Sources */,
				D922121622F1BD8F00DAC2F2 /* Reusable+Extension.swift in Sources */,
				D922121A22F1C0F600DAC2F2 /* UINib.swift in Sources */,
				D94599BD22F3173900F77B14 /* CustomLocationManager.swift in Sources */,
				D94599E422F44B3C00F77B14 /* WeatherContainerViewController.swift in Sources */,
				D94599CF22F3489000F77B14 /* AddRegionTableViewCell.swift in Sources */,
				D922123622F2E60700DAC2F2 /* MainTableFooterViewDelegate.swift in Sources */,
				D922120722F1A19500DAC2F2 /* RegionWeatherHeaderView.swift in Sources */,
				D94599EE22F46BF700F77B14 /* RegionInformation.swift in Sources */,
				D94599D622F428AF00F77B14 /* DarkSkyAPI.swift in Sources */,
				D94599C622F3379900F77B14 /* Date+TimeZone.swift in Sources */,
				D9AF425222F18F93008696F0 /* AppDelegate.swift in Sources */,
				D94599DC22F4465900F77B14 /* TemparatureDegree.swift in Sources */,
				D94599E022F4489900F77B14 /* Double+TemparatureDegree.swift in Sources */,
				D922121822F1BE6B00DAC2F2 /* UITableView+Reusable.swift in Sources */,
				D922123A22F2E6C700DAC2F2 /* AddRegionViewController.swift in Sources */,
				D94599EC22F46AFE00F77B14 /* UserDefaultKey.swift in Sources */,
				D922121D22F1C5EF00DAC2F2 /* HoursWeatherCollectionViewCell.swift in Sources */,
			);
			runOnlyForDeploymentPostprocessing = 0;
		};
		D9AF425E22F18F94008696F0 /* Sources */ = {
			isa = PBXSourcesBuildPhase;
			buildActionMask = 2147483647;
			files = (
				D9AF426722F18F94008696F0 /* MyWeatherTests.swift in Sources */,
			);
			runOnlyForDeploymentPostprocessing = 0;
		};
/* End PBXSourcesBuildPhase section */

/* Begin PBXTargetDependency section */
		D9AF426422F18F94008696F0 /* PBXTargetDependency */ = {
			isa = PBXTargetDependency;
			target = D9AF424D22F18F93008696F0 /* MyWeather */;
			targetProxy = D9AF426322F18F94008696F0 /* PBXContainerItemProxy */;
		};
/* End PBXTargetDependency section */

/* Begin PBXVariantGroup section */
		D9AF425522F18F93008696F0 /* RegionWeather.storyboard */ = {
			isa = PBXVariantGroup;
			children = (
				D9AF425622F18F93008696F0 /* Base */,
			);
			name = RegionWeather.storyboard;
			sourceTree = "<group>";
		};
		D9AF425A22F18F94008696F0 /* LaunchScreen.storyboard */ = {
			isa = PBXVariantGroup;
			children = (
				D9AF425B22F18F94008696F0 /* Base */,
			);
			name = LaunchScreen.storyboard;
			sourceTree = "<group>";
		};
/* End PBXVariantGroup section */

/* Begin XCBuildConfiguration section */
		D9AF426922F18F94008696F0 /* Debug */ = {
			isa = XCBuildConfiguration;
			buildSettings = {
				ALWAYS_SEARCH_USER_PATHS = NO;
				CLANG_ANALYZER_NONNULL = YES;
				CLANG_ANALYZER_NUMBER_OBJECT_CONVERSION = YES_AGGRESSIVE;
				CLANG_CXX_LANGUAGE_STANDARD = "gnu++14";
				CLANG_CXX_LIBRARY = "libc++";
				CLANG_ENABLE_MODULES = YES;
				CLANG_ENABLE_OBJC_ARC = YES;
				CLANG_ENABLE_OBJC_WEAK = YES;
				CLANG_WARN_BLOCK_CAPTURE_AUTORELEASING = YES;
				CLANG_WARN_BOOL_CONVERSION = YES;
				CLANG_WARN_COMMA = YES;
				CLANG_WARN_CONSTANT_CONVERSION = YES;
				CLANG_WARN_DEPRECATED_OBJC_IMPLEMENTATIONS = YES;
				CLANG_WARN_DIRECT_OBJC_ISA_USAGE = YES_ERROR;
				CLANG_WARN_DOCUMENTATION_COMMENTS = YES;
				CLANG_WARN_EMPTY_BODY = YES;
				CLANG_WARN_ENUM_CONVERSION = YES;
				CLANG_WARN_INFINITE_RECURSION = YES;
				CLANG_WARN_INT_CONVERSION = YES;
				CLANG_WARN_NON_LITERAL_NULL_CONVERSION = YES;
				CLANG_WARN_OBJC_IMPLICIT_RETAIN_SELF = YES;
				CLANG_WARN_OBJC_LITERAL_CONVERSION = YES;
				CLANG_WARN_OBJC_ROOT_CLASS = YES_ERROR;
				CLANG_WARN_RANGE_LOOP_ANALYSIS = YES;
				CLANG_WARN_STRICT_PROTOTYPES = YES;
				CLANG_WARN_SUSPICIOUS_MOVE = YES;
				CLANG_WARN_UNGUARDED_AVAILABILITY = YES_AGGRESSIVE;
				CLANG_WARN_UNREACHABLE_CODE = YES;
				CLANG_WARN__DUPLICATE_METHOD_MATCH = YES;
				CODE_SIGN_IDENTITY = "iPhone Developer";
				COPY_PHASE_STRIP = NO;
				DEBUG_INFORMATION_FORMAT = dwarf;
				ENABLE_STRICT_OBJC_MSGSEND = YES;
				ENABLE_TESTABILITY = YES;
				GCC_C_LANGUAGE_STANDARD = gnu11;
				GCC_DYNAMIC_NO_PIC = NO;
				GCC_NO_COMMON_BLOCKS = YES;
				GCC_OPTIMIZATION_LEVEL = 0;
				GCC_PREPROCESSOR_DEFINITIONS = (
					"DEBUG=1",
					"$(inherited)",
				);
				GCC_WARN_64_TO_32_BIT_CONVERSION = YES;
				GCC_WARN_ABOUT_RETURN_TYPE = YES_ERROR;
				GCC_WARN_UNDECLARED_SELECTOR = YES;
				GCC_WARN_UNINITIALIZED_AUTOS = YES_AGGRESSIVE;
				GCC_WARN_UNUSED_FUNCTION = YES;
				GCC_WARN_UNUSED_VARIABLE = YES;
				IPHONEOS_DEPLOYMENT_TARGET = 12.2;
				MTL_ENABLE_DEBUG_INFO = INCLUDE_SOURCE;
				MTL_FAST_MATH = YES;
				ONLY_ACTIVE_ARCH = YES;
				SDKROOT = iphoneos;
				SWIFT_ACTIVE_COMPILATION_CONDITIONS = DEBUG;
				SWIFT_OPTIMIZATION_LEVEL = "-Onone";
			};
			name = Debug;
		};
		D9AF426A22F18F94008696F0 /* Release */ = {
			isa = XCBuildConfiguration;
			buildSettings = {
				ALWAYS_SEARCH_USER_PATHS = NO;
				CLANG_ANALYZER_NONNULL = YES;
				CLANG_ANALYZER_NUMBER_OBJECT_CONVERSION = YES_AGGRESSIVE;
				CLANG_CXX_LANGUAGE_STANDARD = "gnu++14";
				CLANG_CXX_LIBRARY = "libc++";
				CLANG_ENABLE_MODULES = YES;
				CLANG_ENABLE_OBJC_ARC = YES;
				CLANG_ENABLE_OBJC_WEAK = YES;
				CLANG_WARN_BLOCK_CAPTURE_AUTORELEASING = YES;
				CLANG_WARN_BOOL_CONVERSION = YES;
				CLANG_WARN_COMMA = YES;
				CLANG_WARN_CONSTANT_CONVERSION = YES;
				CLANG_WARN_DEPRECATED_OBJC_IMPLEMENTATIONS = YES;
				CLANG_WARN_DIRECT_OBJC_ISA_USAGE = YES_ERROR;
				CLANG_WARN_DOCUMENTATION_COMMENTS = YES;
				CLANG_WARN_EMPTY_BODY = YES;
				CLANG_WARN_ENUM_CONVERSION = YES;
				CLANG_WARN_INFINITE_RECURSION = YES;
				CLANG_WARN_INT_CONVERSION = YES;
				CLANG_WARN_NON_LITERAL_NULL_CONVERSION = YES;
				CLANG_WARN_OBJC_IMPLICIT_RETAIN_SELF = YES;
				CLANG_WARN_OBJC_LITERAL_CONVERSION = YES;
				CLANG_WARN_OBJC_ROOT_CLASS = YES_ERROR;
				CLANG_WARN_RANGE_LOOP_ANALYSIS = YES;
				CLANG_WARN_STRICT_PROTOTYPES = YES;
				CLANG_WARN_SUSPICIOUS_MOVE = YES;
				CLANG_WARN_UNGUARDED_AVAILABILITY = YES_AGGRESSIVE;
				CLANG_WARN_UNREACHABLE_CODE = YES;
				CLANG_WARN__DUPLICATE_METHOD_MATCH = YES;
				CODE_SIGN_IDENTITY = "iPhone Developer";
				COPY_PHASE_STRIP = NO;
				DEBUG_INFORMATION_FORMAT = "dwarf-with-dsym";
				ENABLE_NS_ASSERTIONS = NO;
				ENABLE_STRICT_OBJC_MSGSEND = YES;
				GCC_C_LANGUAGE_STANDARD = gnu11;
				GCC_NO_COMMON_BLOCKS = YES;
				GCC_WARN_64_TO_32_BIT_CONVERSION = YES;
				GCC_WARN_ABOUT_RETURN_TYPE = YES_ERROR;
				GCC_WARN_UNDECLARED_SELECTOR = YES;
				GCC_WARN_UNINITIALIZED_AUTOS = YES_AGGRESSIVE;
				GCC_WARN_UNUSED_FUNCTION = YES;
				GCC_WARN_UNUSED_VARIABLE = YES;
				IPHONEOS_DEPLOYMENT_TARGET = 12.2;
				MTL_ENABLE_DEBUG_INFO = NO;
				MTL_FAST_MATH = YES;
				SDKROOT = iphoneos;
				SWIFT_COMPILATION_MODE = wholemodule;
				SWIFT_OPTIMIZATION_LEVEL = "-O";
				VALIDATE_PRODUCT = YES;
			};
			name = Release;
		};
		D9AF426C22F18F94008696F0 /* Debug */ = {
			isa = XCBuildConfiguration;
			buildSettings = {
				ASSETCATALOG_COMPILER_APPICON_NAME = AppIcon;
				CODE_SIGN_STYLE = Automatic;
				DEVELOPMENT_TEAM = 74HR8KDU73;
				INFOPLIST_FILE = MyWeather/Info.plist;
				LD_RUNPATH_SEARCH_PATHS = (
					"$(inherited)",
					"@executable_path/Frameworks",
				);
				PRODUCT_BUNDLE_IDENTIFIER = com.onemoon.studio.MyWeather;
				PRODUCT_NAME = "$(TARGET_NAME)";
				SWIFT_VERSION = 5.0;
				TARGETED_DEVICE_FAMILY = "1,2";
			};
			name = Debug;
		};
		D9AF426D22F18F94008696F0 /* Release */ = {
			isa = XCBuildConfiguration;
			buildSettings = {
				ASSETCATALOG_COMPILER_APPICON_NAME = AppIcon;
				CODE_SIGN_STYLE = Automatic;
				DEVELOPMENT_TEAM = 74HR8KDU73;
				INFOPLIST_FILE = MyWeather/Info.plist;
				LD_RUNPATH_SEARCH_PATHS = (
					"$(inherited)",
					"@executable_path/Frameworks",
				);
				PRODUCT_BUNDLE_IDENTIFIER = com.onemoon.studio.MyWeather;
				PRODUCT_NAME = "$(TARGET_NAME)";
				SWIFT_VERSION = 5.0;
				TARGETED_DEVICE_FAMILY = "1,2";
			};
			name = Release;
		};
		D9AF426F22F18F94008696F0 /* Debug */ = {
			isa = XCBuildConfiguration;
			buildSettings = {
				ALWAYS_EMBED_SWIFT_STANDARD_LIBRARIES = YES;
				BUNDLE_LOADER = "$(TEST_HOST)";
				CODE_SIGN_STYLE = Automatic;
				DEVELOPMENT_TEAM = 74HR8KDU73;
				INFOPLIST_FILE = MyWeatherTests/Info.plist;
				LD_RUNPATH_SEARCH_PATHS = (
					"$(inherited)",
					"@executable_path/Frameworks",
					"@loader_path/Frameworks",
				);
				PRODUCT_BUNDLE_IDENTIFIER = com.onemoon.studio.MyWeatherTests;
				PRODUCT_NAME = "$(TARGET_NAME)";
				SWIFT_VERSION = 5.0;
				TARGETED_DEVICE_FAMILY = "1,2";
				TEST_HOST = "$(BUILT_PRODUCTS_DIR)/MyWeather.app/MyWeather";
			};
			name = Debug;
		};
		D9AF427022F18F94008696F0 /* Release */ = {
			isa = XCBuildConfiguration;
			buildSettings = {
				ALWAYS_EMBED_SWIFT_STANDARD_LIBRARIES = YES;
				BUNDLE_LOADER = "$(TEST_HOST)";
				CODE_SIGN_STYLE = Automatic;
				DEVELOPMENT_TEAM = 74HR8KDU73;
				INFOPLIST_FILE = MyWeatherTests/Info.plist;
				LD_RUNPATH_SEARCH_PATHS = (
					"$(inherited)",
					"@executable_path/Frameworks",
					"@loader_path/Frameworks",
				);
				PRODUCT_BUNDLE_IDENTIFIER = com.onemoon.studio.MyWeatherTests;
				PRODUCT_NAME = "$(TARGET_NAME)";
				SWIFT_VERSION = 5.0;
				TARGETED_DEVICE_FAMILY = "1,2";
				TEST_HOST = "$(BUILT_PRODUCTS_DIR)/MyWeather.app/MyWeather";
			};
			name = Release;
		};
/* End XCBuildConfiguration section */

/* Begin XCConfigurationList section */
		D9AF424922F18F93008696F0 /* Build configuration list for PBXProject "MyWeather" */ = {
			isa = XCConfigurationList;
			buildConfigurations = (
				D9AF426922F18F94008696F0 /* Debug */,
				D9AF426A22F18F94008696F0 /* Release */,
			);
			defaultConfigurationIsVisible = 0;
			defaultConfigurationName = Release;
		};
		D9AF426B22F18F94008696F0 /* Build configuration list for PBXNativeTarget "MyWeather" */ = {
			isa = XCConfigurationList;
			buildConfigurations = (
				D9AF426C22F18F94008696F0 /* Debug */,
				D9AF426D22F18F94008696F0 /* Release */,
			);
			defaultConfigurationIsVisible = 0;
			defaultConfigurationName = Release;
		};
		D9AF426E22F18F94008696F0 /* Build configuration list for PBXNativeTarget "MyWeatherTests" */ = {
			isa = XCConfigurationList;
			buildConfigurations = (
				D9AF426F22F18F94008696F0 /* Debug */,
				D9AF427022F18F94008696F0 /* Release */,
			);
			defaultConfigurationIsVisible = 0;
			defaultConfigurationName = Release;
		};
/* End XCConfigurationList section */
	};
	rootObject = D9AF424622F18F93008696F0 /* Project object */;
}
